// !$*UTF8*$!
{
	archiveVersion = 1;
	classes = {
	};
	objectVersion = 51;
	objects = {

/* Begin PBXBuildFile section */
		650441EC254D5BBC006A26AD /* AppDelegate.swift in Sources */ = {isa = PBXBuildFile; fileRef = 650441EB254D5BBC006A26AD /* AppDelegate.swift */; };
		650441EE254D5BBC006A26AD /* SceneDelegate.swift in Sources */ = {isa = PBXBuildFile; fileRef = 650441ED254D5BBC006A26AD /* SceneDelegate.swift */; };
		650441F0254D5BBC006A26AD /* LoginViewController.swift in Sources */ = {isa = PBXBuildFile; fileRef = 650441EF254D5BBC006A26AD /* LoginViewController.swift */; };
		650441F3254D5BBC006A26AD /* Main.storyboard in Resources */ = {isa = PBXBuildFile; fileRef = 650441F1254D5BBC006A26AD /* Main.storyboard */; };
		650441F5254D5BBC006A26AD /* Assets.xcassets in Resources */ = {isa = PBXBuildFile; fileRef = 650441F4254D5BBC006A26AD /* Assets.xcassets */; };
		650441F8254D5BBC006A26AD /* LaunchScreen.storyboard in Resources */ = {isa = PBXBuildFile; fileRef = 650441F6254D5BBC006A26AD /* LaunchScreen.storyboard */; };
		654BCE1925523DE4002AE7D9 /* CreateMeetingViewController.swift in Sources */ = {isa = PBXBuildFile; fileRef = 654BCE1825523DE4002AE7D9 /* CreateMeetingViewController.swift */; };
		65607FBF2554EA6300CF4B49 /* Meeting.swift in Sources */ = {isa = PBXBuildFile; fileRef = 65607FBE2554EA6300CF4B49 /* Meeting.swift */; };
		65607FC12554F32B00CF4B49 /* MeetingListViewController.swift in Sources */ = {isa = PBXBuildFile; fileRef = 65607FC02554F32B00CF4B49 /* MeetingListViewController.swift */; };
		65607FC32554F84B00CF4B49 /* MeetingControllerViewController.swift in Sources */ = {isa = PBXBuildFile; fileRef = 65607FC22554F84B00CF4B49 /* MeetingControllerViewController.swift */; };
		65A4DF78255406B7008CCD83 /* ShareViewController.swift in Sources */ = {isa = PBXBuildFile; fileRef = 65A4DF77255406B7008CCD83 /* ShareViewController.swift */; };
		65B727C72553B8AB005361D9 /* UIColor+.swift in Sources */ = {isa = PBXBuildFile; fileRef = 65B727C62553B8AB005361D9 /* UIColor+.swift */; };
		65D1C719255041ED00CE9242 /* MobileRTC.framework in Frameworks */ = {isa = PBXBuildFile; fileRef = 65D1C718255041ED00CE9242 /* MobileRTC.framework */; };
		65D1C71A255041ED00CE9242 /* MobileRTC.framework in Embed Frameworks */ = {isa = PBXBuildFile; fileRef = 65D1C718255041ED00CE9242 /* MobileRTC.framework */; settings = {ATTRIBUTES = (CodeSignOnCopy, RemoveHeadersOnCopy, ); }; };
		65D1C7202550421D00CE9242 /* MobileRTCResources.bundle in Resources */ = {isa = PBXBuildFile; fileRef = 65D1C71F2550421C00CE9242 /* MobileRTCResources.bundle */; };
		65D1C72225504DC600CE9242 /* keys.plist in Resources */ = {isa = PBXBuildFile; fileRef = 65D1C72125504DC600CE9242 /* keys.plist */; };
		65D1C72425504DDD00CE9242 /* KeyManager.swift in Sources */ = {isa = PBXBuildFile; fileRef = 65D1C72325504DDD00CE9242 /* KeyManager.swift */; };
		65D1C7642550530400CE9242 /* MainViewController.swift in Sources */ = {isa = PBXBuildFile; fileRef = 65D1C7632550530400CE9242 /* MainViewController.swift */; };
		9A4F1BC75FD69F7F10240BD8 /* Pods_zoom_meeting.framework in Frameworks */ = {isa = PBXBuildFile; fileRef = 852B37C79C63C32C011560B9 /* Pods_zoom_meeting.framework */; };
/* End PBXBuildFile section */

/* Begin PBXCopyFilesBuildPhase section */
		65D1C71B255041ED00CE9242 /* Embed Frameworks */ = {
			isa = PBXCopyFilesBuildPhase;
			buildActionMask = 2147483647;
			dstPath = "";
			dstSubfolderSpec = 10;
			files = (
				65D1C71A255041ED00CE9242 /* MobileRTC.framework in Embed Frameworks */,
			);
			name = "Embed Frameworks";
			runOnlyForDeploymentPostprocessing = 0;
		};
/* End PBXCopyFilesBuildPhase section */

/* Begin PBXFileReference section */
		650441E8254D5BBC006A26AD /* zoom_meeting.app */ = {isa = PBXFileReference; explicitFileType = wrapper.application; includeInIndex = 0; path = zoom_meeting.app; sourceTree = BUILT_PRODUCTS_DIR; };
		650441EB254D5BBC006A26AD /* AppDelegate.swift */ = {isa = PBXFileReference; lastKnownFileType = sourcecode.swift; path = AppDelegate.swift; sourceTree = "<group>"; };
		650441ED254D5BBC006A26AD /* SceneDelegate.swift */ = {isa = PBXFileReference; lastKnownFileType = sourcecode.swift; path = SceneDelegate.swift; sourceTree = "<group>"; };
		650441EF254D5BBC006A26AD /* LoginViewController.swift */ = {isa = PBXFileReference; lastKnownFileType = sourcecode.swift; path = LoginViewController.swift; sourceTree = "<group>"; };
		650441F2254D5BBC006A26AD /* Base */ = {isa = PBXFileReference; lastKnownFileType = file.storyboard; name = Base; path = Base.lproj/Main.storyboard; sourceTree = "<group>"; };
		650441F4254D5BBC006A26AD /* Assets.xcassets */ = {isa = PBXFileReference; lastKnownFileType = folder.assetcatalog; path = Assets.xcassets; sourceTree = "<group>"; };
		650441F7254D5BBC006A26AD /* Base */ = {isa = PBXFileReference; lastKnownFileType = file.storyboard; name = Base; path = Base.lproj/LaunchScreen.storyboard; sourceTree = "<group>"; };
		650441F9254D5BBC006A26AD /* Info.plist */ = {isa = PBXFileReference; lastKnownFileType = text.plist.xml; path = Info.plist; sourceTree = "<group>"; };
		654BCE1825523DE4002AE7D9 /* CreateMeetingViewController.swift */ = {isa = PBXFileReference; lastKnownFileType = sourcecode.swift; path = CreateMeetingViewController.swift; sourceTree = "<group>"; };
		65607FBE2554EA6300CF4B49 /* Meeting.swift */ = {isa = PBXFileReference; lastKnownFileType = sourcecode.swift; path = Meeting.swift; sourceTree = "<group>"; };
		65607FC02554F32B00CF4B49 /* MeetingListViewController.swift */ = {isa = PBXFileReference; lastKnownFileType = sourcecode.swift; path = MeetingListViewController.swift; sourceTree = "<group>"; };
		65607FC22554F84B00CF4B49 /* MeetingControllerViewController.swift */ = {isa = PBXFileReference; lastKnownFileType = sourcecode.swift; path = MeetingControllerViewController.swift; sourceTree = "<group>"; };
		65A4DF77255406B7008CCD83 /* ShareViewController.swift */ = {isa = PBXFileReference; lastKnownFileType = sourcecode.swift; path = ShareViewController.swift; sourceTree = "<group>"; };
		65B727C62553B8AB005361D9 /* UIColor+.swift */ = {isa = PBXFileReference; lastKnownFileType = sourcecode.swift; path = "UIColor+.swift"; sourceTree = "<group>"; };
		65D1C718255041ED00CE9242 /* MobileRTC.framework */ = {isa = PBXFileReference; lastKnownFileType = wrapper.framework; path = MobileRTC.framework; sourceTree = "<group>"; };
		65D1C71C255041F800CE9242 /* MobileRTCScreenShare.framework */ = {isa = PBXFileReference; lastKnownFileType = wrapper.framework; path = MobileRTCScreenShare.framework; sourceTree = "<group>"; };
		65D1C71F2550421C00CE9242 /* MobileRTCResources.bundle */ = {isa = PBXFileReference; lastKnownFileType = "wrapper.plug-in"; path = MobileRTCResources.bundle; sourceTree = "<group>"; };
		65D1C72125504DC600CE9242 /* keys.plist */ = {isa = PBXFileReference; lastKnownFileType = text.plist.xml; path = keys.plist; sourceTree = "<group>"; };
		65D1C72325504DDD00CE9242 /* KeyManager.swift */ = {isa = PBXFileReference; lastKnownFileType = sourcecode.swift; path = KeyManager.swift; sourceTree = "<group>"; };
		65D1C7632550530400CE9242 /* MainViewController.swift */ = {isa = PBXFileReference; lastKnownFileType = sourcecode.swift; path = MainViewController.swift; sourceTree = "<group>"; };
		7F4FA9B497046805D02C5962 /* Pods-zoom_meeting.debug.xcconfig */ = {isa = PBXFileReference; includeInIndex = 1; lastKnownFileType = text.xcconfig; name = "Pods-zoom_meeting.debug.xcconfig"; path = "Target Support Files/Pods-zoom_meeting/Pods-zoom_meeting.debug.xcconfig"; sourceTree = "<group>"; };
		852B37C79C63C32C011560B9 /* Pods_zoom_meeting.framework */ = {isa = PBXFileReference; explicitFileType = wrapper.framework; includeInIndex = 0; path = Pods_zoom_meeting.framework; sourceTree = BUILT_PRODUCTS_DIR; };
		E918529B935100C7F848BDC9 /* Pods-zoom_meeting.release.xcconfig */ = {isa = PBXFileReference; includeInIndex = 1; lastKnownFileType = text.xcconfig; name = "Pods-zoom_meeting.release.xcconfig"; path = "Target Support Files/Pods-zoom_meeting/Pods-zoom_meeting.release.xcconfig"; sourceTree = "<group>"; };
/* End PBXFileReference section */

/* Begin PBXFrameworksBuildPhase section */
		650441E5254D5BBC006A26AD /* Frameworks */ = {
			isa = PBXFrameworksBuildPhase;
			buildActionMask = 2147483647;
			files = (
				65D1C719255041ED00CE9242 /* MobileRTC.framework in Frameworks */,
				9A4F1BC75FD69F7F10240BD8 /* Pods_zoom_meeting.framework in Frameworks */,
			);
			runOnlyForDeploymentPostprocessing = 0;
		};
/* End PBXFrameworksBuildPhase section */

/* Begin PBXGroup section */
		2A09F8AF7B25B77C35BF8C24 /* Pods */ = {
			isa = PBXGroup;
			children = (
				7F4FA9B497046805D02C5962 /* Pods-zoom_meeting.debug.xcconfig */,
				E918529B935100C7F848BDC9 /* Pods-zoom_meeting.release.xcconfig */,
			);
			path = Pods;
			sourceTree = "<group>";
		};
		650441DF254D5BBC006A26AD = {
			isa = PBXGroup;
			children = (
				65D1C71F2550421C00CE9242 /* MobileRTCResources.bundle */,
				650441EA254D5BBC006A26AD /* zoom_meeting */,
				650441E9254D5BBC006A26AD /* Products */,
				65D1C717255041ED00CE9242 /* Frameworks */,
				2A09F8AF7B25B77C35BF8C24 /* Pods */,
			);
			sourceTree = "<group>";
		};
		650441E9254D5BBC006A26AD /* Products */ = {
			isa = PBXGroup;
			children = (
				650441E8254D5BBC006A26AD /* zoom_meeting.app */,
			);
			name = Products;
			sourceTree = "<group>";
		};
		650441EA254D5BBC006A26AD /* zoom_meeting */ = {
			isa = PBXGroup;
			children = (
				65D1C72525504EDC00CE9242 /* Models */,
				65D1C72625504EEB00CE9242 /* Views */,
				65D1C72725504EFF00CE9242 /* Controllers */,
				65D1C72825504F0900CE9242 /* SupportingFiles */,
			);
			path = zoom_meeting;
			sourceTree = "<group>";
		};
		65D1C717255041ED00CE9242 /* Frameworks */ = {
			isa = PBXGroup;
			children = (
				65D1C71C255041F800CE9242 /* MobileRTCScreenShare.framework */,
				65D1C718255041ED00CE9242 /* MobileRTC.framework */,
				852B37C79C63C32C011560B9 /* Pods_zoom_meeting.framework */,
			);
			name = Frameworks;
			sourceTree = "<group>";
		};
		65D1C72525504EDC00CE9242 /* Models */ = {
			isa = PBXGroup;
			children = (
				650441F4254D5BBC006A26AD /* Assets.xcassets */,
				65607FBE2554EA6300CF4B49 /* Meeting.swift */,
			);
			path = Models;
			sourceTree = "<group>";
		};
		65D1C72625504EEB00CE9242 /* Views */ = {
			isa = PBXGroup;
			children = (
				650441F1254D5BBC006A26AD /* Main.storyboard */,
				650441F6254D5BBC006A26AD /* LaunchScreen.storyboard */,
			);
			path = Views;
			sourceTree = "<group>";
		};
		65D1C72725504EFF00CE9242 /* Controllers */ = {
			isa = PBXGroup;
			children = (
				650441EF254D5BBC006A26AD /* LoginViewController.swift */,
				65D1C7632550530400CE9242 /* MainViewController.swift */,
				654BCE1825523DE4002AE7D9 /* CreateMeetingViewController.swift */,
				65A4DF77255406B7008CCD83 /* ShareViewController.swift */,
				65607FC02554F32B00CF4B49 /* MeetingListViewController.swift */,
				65607FC22554F84B00CF4B49 /* MeetingControllerViewController.swift */,
			);
			path = Controllers;
			sourceTree = "<group>";
		};
		65D1C72825504F0900CE9242 /* SupportingFiles */ = {
			isa = PBXGroup;
			children = (
				650441EB254D5BBC006A26AD /* AppDelegate.swift */,
				650441ED254D5BBC006A26AD /* SceneDelegate.swift */,
				650441F9254D5BBC006A26AD /* Info.plist */,
				65D1C72125504DC600CE9242 /* keys.plist */,
				65D1C72325504DDD00CE9242 /* KeyManager.swift */,
				65B727C62553B8AB005361D9 /* UIColor+.swift */,
			);
			path = SupportingFiles;
			sourceTree = "<group>";
		};
/* End PBXGroup section */

/* Begin PBXNativeTarget section */
		650441E7254D5BBC006A26AD /* zoom_meeting */ = {
			isa = PBXNativeTarget;
			buildConfigurationList = 650441FC254D5BBC006A26AD /* Build configuration list for PBXNativeTarget "zoom_meeting" */;
			buildPhases = (
				860C873819A7AF5565E82580 /* [CP] Check Pods Manifest.lock */,
				650441E4254D5BBC006A26AD /* Sources */,
				650441E5254D5BBC006A26AD /* Frameworks */,
				650441E6254D5BBC006A26AD /* Resources */,
				65D1C71B255041ED00CE9242 /* Embed Frameworks */,
				036FA641B7C0ACB87BED54F0 /* [CP] Embed Pods Frameworks */,
			);
			buildRules = (
			);
			dependencies = (
			);
			name = zoom_meeting;
			productName = zoom_meeting;
			productReference = 650441E8254D5BBC006A26AD /* zoom_meeting.app */;
			productType = "com.apple.product-type.application";
		};
/* End PBXNativeTarget section */

/* Begin PBXProject section */
		650441E0254D5BBC006A26AD /* Project object */ = {
			isa = PBXProject;
			attributes = {
				LastSwiftUpdateCheck = 1210;
				LastUpgradeCheck = 1210;
				TargetAttributes = {
					650441E7254D5BBC006A26AD = {
						CreatedOnToolsVersion = 12.1;
					};
				};
			};
			buildConfigurationList = 650441E3254D5BBC006A26AD /* Build configuration list for PBXProject "zoom_meeting" */;
			compatibilityVersion = "Xcode 9.3";
			developmentRegion = en;
			hasScannedForEncodings = 0;
			knownRegions = (
				en,
				Base,
			);
			mainGroup = 650441DF254D5BBC006A26AD;
			productRefGroup = 650441E9254D5BBC006A26AD /* Products */;
			projectDirPath = "";
			projectRoot = "";
			targets = (
				650441E7254D5BBC006A26AD /* zoom_meeting */,
			);
		};
/* End PBXProject section */

/* Begin PBXResourcesBuildPhase section */
		650441E6254D5BBC006A26AD /* Resources */ = {
			isa = PBXResourcesBuildPhase;
			buildActionMask = 2147483647;
			files = (
				65D1C72225504DC600CE9242 /* keys.plist in Resources */,
				65D1C7202550421D00CE9242 /* MobileRTCResources.bundle in Resources */,
				650441F8254D5BBC006A26AD /* LaunchScreen.storyboard in Resources */,
				650441F5254D5BBC006A26AD /* Assets.xcassets in Resources */,
				650441F3254D5BBC006A26AD /* Main.storyboard in Resources */,
			);
			runOnlyForDeploymentPostprocessing = 0;
		};
/* End PBXResourcesBuildPhase section */

/* Begin PBXShellScriptBuildPhase section */
		036FA641B7C0ACB87BED54F0 /* [CP] Embed Pods Frameworks */ = {
			isa = PBXShellScriptBuildPhase;
			buildActionMask = 2147483647;
			files = (
			);
			inputFileListPaths = (
				"${PODS_ROOT}/Target Support Files/Pods-zoom_meeting/Pods-zoom_meeting-frameworks-${CONFIGURATION}-input-files.xcfilelist",
			);
			name = "[CP] Embed Pods Frameworks";
			outputFileListPaths = (
				"${PODS_ROOT}/Target Support Files/Pods-zoom_meeting/Pods-zoom_meeting-frameworks-${CONFIGURATION}-output-files.xcfilelist",
			);
			runOnlyForDeploymentPostprocessing = 0;
			shellPath = /bin/sh;
			shellScript = "\"${PODS_ROOT}/Target Support Files/Pods-zoom_meeting/Pods-zoom_meeting-frameworks.sh\"\n";
			showEnvVarsInLog = 0;
		};
		860C873819A7AF5565E82580 /* [CP] Check Pods Manifest.lock */ = {
			isa = PBXShellScriptBuildPhase;
			buildActionMask = 2147483647;
			files = (
			);
			inputFileListPaths = (
			);
			inputPaths = (
				"${PODS_PODFILE_DIR_PATH}/Podfile.lock",
				"${PODS_ROOT}/Manifest.lock",
			);
			name = "[CP] Check Pods Manifest.lock";
			outputFileListPaths = (
			);
			outputPaths = (
				"$(DERIVED_FILE_DIR)/Pods-zoom_meeting-checkManifestLockResult.txt",
			);
			runOnlyForDeploymentPostprocessing = 0;
			shellPath = /bin/sh;
			shellScript = "diff \"${PODS_PODFILE_DIR_PATH}/Podfile.lock\" \"${PODS_ROOT}/Manifest.lock\" > /dev/null\nif [ $? != 0 ] ; then\n    # print error to STDERR\n    echo \"error: The sandbox is not in sync with the Podfile.lock. Run 'pod install' or update your CocoaPods installation.\" >&2\n    exit 1\nfi\n# This output is used by Xcode 'outputs' to avoid re-running this script phase.\necho \"SUCCESS\" > \"${SCRIPT_OUTPUT_FILE_0}\"\n";
			showEnvVarsInLog = 0;
		};
/* End PBXShellScriptBuildPhase section */

/* Begin PBXSourcesBuildPhase section */
		650441E4254D5BBC006A26AD /* Sources */ = {
			isa = PBXSourcesBuildPhase;
			buildActionMask = 2147483647;
			files = (
				650441F0254D5BBC006A26AD /* LoginViewController.swift in Sources */,
				65607FC32554F84B00CF4B49 /* MeetingControllerViewController.swift in Sources */,
				65607FBF2554EA6300CF4B49 /* Meeting.swift in Sources */,
				650441EC254D5BBC006A26AD /* AppDelegate.swift in Sources */,
				654BCE1925523DE4002AE7D9 /* CreateMeetingViewController.swift in Sources */,
				650441EE254D5BBC006A26AD /* SceneDelegate.swift in Sources */,
				65D1C72425504DDD00CE9242 /* KeyManager.swift in Sources */,
				65A4DF78255406B7008CCD83 /* ShareViewController.swift in Sources */,
				65D1C7642550530400CE9242 /* MainViewController.swift in Sources */,
				65607FC12554F32B00CF4B49 /* MeetingListViewController.swift in Sources */,
				65B727C72553B8AB005361D9 /* UIColor+.swift in Sources */,
			);
			runOnlyForDeploymentPostprocessing = 0;
		};
/* End PBXSourcesBuildPhase section */

/* Begin PBXVariantGroup section */
		650441F1254D5BBC006A26AD /* Main.storyboard */ = {
			isa = PBXVariantGroup;
			children = (
				650441F2254D5BBC006A26AD /* Base */,
			);
			name = Main.storyboard;
			sourceTree = "<group>";
		};
		650441F6254D5BBC006A26AD /* LaunchScreen.storyboard */ = {
			isa = PBXVariantGroup;
			children = (
				650441F7254D5BBC006A26AD /* Base */,
			);
			name = LaunchScreen.storyboard;
			sourceTree = "<group>";
		};
/* End PBXVariantGroup section */

/* Begin XCBuildConfiguration section */
		650441FA254D5BBC006A26AD /* Debug */ = {
			isa = XCBuildConfiguration;
			buildSettings = {
				ALWAYS_SEARCH_USER_PATHS = NO;
				CLANG_ANALYZER_NONNULL = YES;
				CLANG_ANALYZER_NUMBER_OBJECT_CONVERSION = YES_AGGRESSIVE;
				CLANG_CXX_LANGUAGE_STANDARD = "gnu++14";
				CLANG_CXX_LIBRARY = "libc++";
				CLANG_ENABLE_MODULES = YES;
				CLANG_ENABLE_OBJC_ARC = YES;
				CLANG_ENABLE_OBJC_WEAK = YES;
				CLANG_WARN_BLOCK_CAPTURE_AUTORELEASING = YES;
				CLANG_WARN_BOOL_CONVERSION = YES;
				CLANG_WARN_COMMA = YES;
				CLANG_WARN_CONSTANT_CONVERSION = YES;
				CLANG_WARN_DEPRECATED_OBJC_IMPLEMENTATIONS = YES;
				CLANG_WARN_DIRECT_OBJC_ISA_USAGE = YES_ERROR;
				CLANG_WARN_DOCUMENTATION_COMMENTS = YES;
				CLANG_WARN_EMPTY_BODY = YES;
				CLANG_WARN_ENUM_CONVERSION = YES;
				CLANG_WARN_INFINITE_RECURSION = YES;
				CLANG_WARN_INT_CONVERSION = YES;
				CLANG_WARN_NON_LITERAL_NULL_CONVERSION = YES;
				CLANG_WARN_OBJC_IMPLICIT_RETAIN_SELF = YES;
				CLANG_WARN_OBJC_LITERAL_CONVERSION = YES;
				CLANG_WARN_OBJC_ROOT_CLASS = YES_ERROR;
				CLANG_WARN_QUOTED_INCLUDE_IN_FRAMEWORK_HEADER = YES;
				CLANG_WARN_RANGE_LOOP_ANALYSIS = YES;
				CLANG_WARN_STRICT_PROTOTYPES = YES;
				CLANG_WARN_SUSPICIOUS_MOVE = YES;
				CLANG_WARN_UNGUARDED_AVAILABILITY = YES_AGGRESSIVE;
				CLANG_WARN_UNREACHABLE_CODE = YES;
				CLANG_WARN__DUPLICATE_METHOD_MATCH = YES;
				COPY_PHASE_STRIP = NO;
				DEBUG_INFORMATION_FORMAT = dwarf;
				ENABLE_STRICT_OBJC_MSGSEND = YES;
				ENABLE_TESTABILITY = YES;
				GCC_C_LANGUAGE_STANDARD = gnu11;
				GCC_DYNAMIC_NO_PIC = NO;
				GCC_NO_COMMON_BLOCKS = YES;
				GCC_OPTIMIZATION_LEVEL = 0;
				GCC_PREPROCESSOR_DEFINITIONS = (
					"DEBUG=1",
					"$(inherited)",
				);
				GCC_WARN_64_TO_32_BIT_CONVERSION = YES;
				GCC_WARN_ABOUT_RETURN_TYPE = YES_ERROR;
				GCC_WARN_UNDECLARED_SELECTOR = YES;
				GCC_WARN_UNINITIALIZED_AUTOS = YES_AGGRESSIVE;
				GCC_WARN_UNUSED_FUNCTION = YES;
				GCC_WARN_UNUSED_VARIABLE = YES;
				INFOPLIST_FILE = "";
				IPHONEOS_DEPLOYMENT_TARGET = 14.1;
				MTL_ENABLE_DEBUG_INFO = INCLUDE_SOURCE;
				MTL_FAST_MATH = YES;
				ONLY_ACTIVE_ARCH = YES;
				SDKROOT = iphoneos;
				SWIFT_ACTIVE_COMPILATION_CONDITIONS = DEBUG;
				SWIFT_OPTIMIZATION_LEVEL = "-Onone";
			};
			name = Debug;
		};
		650441FB254D5BBC006A26AD /* Release */ = {
			isa = XCBuildConfiguration;
			buildSettings = {
				ALWAYS_SEARCH_USER_PATHS = NO;
				CLANG_ANALYZER_NONNULL = YES;
				CLANG_ANALYZER_NUMBER_OBJECT_CONVERSION = YES_AGGRESSIVE;
				CLANG_CXX_LANGUAGE_STANDARD = "gnu++14";
				CLANG_CXX_LIBRARY = "libc++";
				CLANG_ENABLE_MODULES = YES;
				CLANG_ENABLE_OBJC_ARC = YES;
				CLANG_ENABLE_OBJC_WEAK = YES;
				CLANG_WARN_BLOCK_CAPTURE_AUTORELEASING = YES;
				CLANG_WARN_BOOL_CONVERSION = YES;
				CLANG_WARN_COMMA = YES;
				CLANG_WARN_CONSTANT_CONVERSION = YES;
				CLANG_WARN_DEPRECATED_OBJC_IMPLEMENTATIONS = YES;
				CLANG_WARN_DIRECT_OBJC_ISA_USAGE = YES_ERROR;
				CLANG_WARN_DOCUMENTATION_COMMENTS = YES;
				CLANG_WARN_EMPTY_BODY = YES;
				CLANG_WARN_ENUM_CONVERSION = YES;
				CLANG_WARN_INFINITE_RECURSION = YES;
				CLANG_WARN_INT_CONVERSION = YES;
				CLANG_WARN_NON_LITERAL_NULL_CONVERSION = YES;
				CLANG_WARN_OBJC_IMPLICIT_RETAIN_SELF = YES;
				CLANG_WARN_OBJC_LITERAL_CONVERSION = YES;
				CLANG_WARN_OBJC_ROOT_CLASS = YES_ERROR;
				CLANG_WARN_QUOTED_INCLUDE_IN_FRAMEWORK_HEADER = YES;
				CLANG_WARN_RANGE_LOOP_ANALYSIS = YES;
				CLANG_WARN_STRICT_PROTOTYPES = YES;
				CLANG_WARN_SUSPICIOUS_MOVE = YES;
				CLANG_WARN_UNGUARDED_AVAILABILITY = YES_AGGRESSIVE;
				CLANG_WARN_UNREACHABLE_CODE = YES;
				CLANG_WARN__DUPLICATE_METHOD_MATCH = YES;
				COPY_PHASE_STRIP = NO;
				DEBUG_INFORMATION_FORMAT = "dwarf-with-dsym";
				ENABLE_NS_ASSERTIONS = NO;
				ENABLE_STRICT_OBJC_MSGSEND = YES;
				GCC_C_LANGUAGE_STANDARD = gnu11;
				GCC_NO_COMMON_BLOCKS = YES;
				GCC_WARN_64_TO_32_BIT_CONVERSION = YES;
				GCC_WARN_ABOUT_RETURN_TYPE = YES_ERROR;
				GCC_WARN_UNDECLARED_SELECTOR = YES;
				GCC_WARN_UNINITIALIZED_AUTOS = YES_AGGRESSIVE;
				GCC_WARN_UNUSED_FUNCTION = YES;
				GCC_WARN_UNUSED_VARIABLE = YES;
				INFOPLIST_FILE = "";
				IPHONEOS_DEPLOYMENT_TARGET = 14.1;
				MTL_ENABLE_DEBUG_INFO = NO;
				MTL_FAST_MATH = YES;
				SDKROOT = iphoneos;
				SWIFT_COMPILATION_MODE = wholemodule;
				SWIFT_OPTIMIZATION_LEVEL = "-O";
				VALIDATE_PRODUCT = YES;
			};
			name = Release;
		};
		650441FD254D5BBC006A26AD /* Debug */ = {
			isa = XCBuildConfiguration;
			baseConfigurationReference = 7F4FA9B497046805D02C5962 /* Pods-zoom_meeting.debug.xcconfig */;
			buildSettings = {
				ASSETCATALOG_COMPILER_APPICON_NAME = AppIcon;
				ASSETCATALOG_COMPILER_GLOBAL_ACCENT_COLOR_NAME = AccentColor;
				CODE_SIGN_STYLE = Automatic;
				DEVELOPMENT_TEAM = 2P44D5B93M;
				ENABLE_BITCODE = NO;
				FRAMEWORK_SEARCH_PATHS = (
					"$(inherited)",
					"$(PROJECT_DIR)",
				);
				INFOPLIST_FILE = zoom_meeting/SupportingFiles/Info.plist;
				IPHONEOS_DEPLOYMENT_TARGET = 13.0;
				LD_RUNPATH_SEARCH_PATHS = (
					"$(inherited)",
					"@executable_path/Frameworks",
				);
				PRODUCT_BUNDLE_IDENTIFIER = "jp.tommy.zoom-meeting";
				PRODUCT_NAME = "$(TARGET_NAME)";
				SWIFT_VERSION = 5.0;
				TARGETED_DEVICE_FAMILY = "1,2";
			};
			name = Debug;
		};
		650441FE254D5BBC006A26AD /* Release */ = {
			isa = XCBuildConfiguration;
			baseConfigurationReference = E918529B935100C7F848BDC9 /* Pods-zoom_meeting.release.xcconfig */;
			buildSettings = {
				ASSETCATALOG_COMPILER_APPICON_NAME = AppIcon;
				ASSETCATALOG_COMPILER_GLOBAL_ACCENT_COLOR_NAME = AccentColor;
				CODE_SIGN_STYLE = Automatic;
				DEVELOPMENT_TEAM = 2P44D5B93M;
				ENABLE_BITCODE = NO;
				FRAMEWORK_SEARCH_PATHS = (
					"$(inherited)",
					"$(PROJECT_DIR)",
				);
				INFOPLIST_FILE = zoom_meeting/SupportingFiles/Info.plist;
				IPHONEOS_DEPLOYMENT_TARGET = 13.0;
				LD_RUNPATH_SEARCH_PATHS = (
					"$(inherited)",
					"@executable_path/Frameworks",
				);
				PRODUCT_BUNDLE_IDENTIFIER = "jp.tommy.zoom-meeting";
				PRODUCT_NAME = "$(TARGET_NAME)";
				SWIFT_VERSION = 5.0;
				TARGETED_DEVICE_FAMILY = "1,2";
			};
			name = Release;
		};
/* End XCBuildConfiguration section */

/* Begin XCConfigurationList section */
		650441E3254D5BBC006A26AD /* Build configuration list for PBXProject "zoom_meeting" */ = {
			isa = XCConfigurationList;
			buildConfigurations = (
				650441FA254D5BBC006A26AD /* Debug */,
				650441FB254D5BBC006A26AD /* Release */,
			);
			defaultConfigurationIsVisible = 0;
			defaultConfigurationName = Release;
		};
		650441FC254D5BBC006A26AD /* Build configuration list for PBXNativeTarget "zoom_meeting" */ = {
			isa = XCConfigurationList;
			buildConfigurations = (
				650441FD254D5BBC006A26AD /* Debug */,
				650441FE254D5BBC006A26AD /* Release */,
			);
			defaultConfigurationIsVisible = 0;
			defaultConfigurationName = Release;
		};
/* End XCConfigurationList section */
	};
	rootObject = 650441E0254D5BBC006A26AD /* Project object */;
}
